// !$*UTF8*$!
{
	archiveVersion = 1;
	classes = {
	};
	objectVersion = 50;
	objects = {

/* Begin PBXBuildFile section */
		87FAC2A92514DBF700B23C80 /* AppDelegate.swift in Sources */ = {isa = PBXBuildFile; fileRef = 87FAC2A82514DBF700B23C80 /* AppDelegate.swift */; };
		87FAC2AB2514DBF700B23C80 /* SceneDelegate.swift in Sources */ = {isa = PBXBuildFile; fileRef = 87FAC2AA2514DBF700B23C80 /* SceneDelegate.swift */; };
		87FAC2AD2514DBF700B23C80 /* ViewController.swift in Sources */ = {isa = PBXBuildFile; fileRef = 87FAC2AC2514DBF700B23C80 /* ViewController.swift */; };
		87FAC2B02514DBF700B23C80 /* Main.storyboard in Resources */ = {isa = PBXBuildFile; fileRef = 87FAC2AE2514DBF700B23C80 /* Main.storyboard */; };
		87FAC2B22514DBF700B23C80 /* Assets.xcassets in Resources */ = {isa = PBXBuildFile; fileRef = 87FAC2B12514DBF700B23C80 /* Assets.xcassets */; };
		87FAC2B52514DBF700B23C80 /* LaunchScreen.storyboard in Resources */ = {isa = PBXBuildFile; fileRef = 87FAC2B32514DBF700B23C80 /* LaunchScreen.storyboard */; };
		87FAC2C02514DBF700B23C80 /* ToDoAppTests.swift in Sources */ = {isa = PBXBuildFile; fileRef = 87FAC2BF2514DBF700B23C80 /* ToDoAppTests.swift */; };
		87FAC2CB2514DBF700B23C80 /* ToDoAppUITests.swift in Sources */ = {isa = PBXBuildFile; fileRef = 87FAC2CA2514DBF700B23C80 /* ToDoAppUITests.swift */; };
/* End PBXBuildFile section */

/* Begin PBXContainerItemProxy section */
		87FAC2BC2514DBF700B23C80 /* PBXContainerItemProxy */ = {
			isa = PBXContainerItemProxy;
			containerPortal = 87FAC29D2514DBF700B23C80 /* Project object */;
			proxyType = 1;
			remoteGlobalIDString = 87FAC2A42514DBF700B23C80;
			remoteInfo = ToDoApp;
		};
		87FAC2C72514DBF700B23C80 /* PBXContainerItemProxy */ = {
			isa = PBXContainerItemProxy;
			containerPortal = 87FAC29D2514DBF700B23C80 /* Project object */;
			proxyType = 1;
			remoteGlobalIDString = 87FAC2A42514DBF700B23C80;
			remoteInfo = ToDoApp;
		};
/* End PBXContainerItemProxy section */

/* Begin PBXFileReference section */
		87FAC2A52514DBF700B23C80 /* ToDoApp.app */ = {isa = PBXFileReference; explicitFileType = wrapper.application; includeInIndex = 0; path = ToDoApp.app; sourceTree = BUILT_PRODUCTS_DIR; };
		87FAC2A82514DBF700B23C80 /* AppDelegate.swift */ = {isa = PBXFileReference; lastKnownFileType = sourcecode.swift; path = AppDelegate.swift; sourceTree = "<group>"; };
		87FAC2AA2514DBF700B23C80 /* SceneDelegate.swift */ = {isa = PBXFileReference; lastKnownFileType = sourcecode.swift; path = SceneDelegate.swift; sourceTree = "<group>"; };
		87FAC2AC2514DBF700B23C80 /* ViewController.swift */ = {isa = PBXFileReference; lastKnownFileType = sourcecode.swift; path = ViewController.swift; sourceTree = "<group>"; };
		87FAC2AF2514DBF700B23C80 /* Base */ = {isa = PBXFileReference; lastKnownFileType = file.storyboard; name = Base; path = Base.lproj/Main.storyboard; sourceTree = "<group>"; };
		87FAC2B12514DBF700B23C80 /* Assets.xcassets */ = {isa = PBXFileReference; lastKnownFileType = folder.assetcatalog; path = Assets.xcassets; sourceTree = "<group>"; };
		87FAC2B42514DBF700B23C80 /* Base */ = {isa = PBXFileReference; lastKnownFileType = file.storyboard; name = Base; path = Base.lproj/LaunchScreen.storyboard; sourceTree = "<group>"; };
		87FAC2B62514DBF700B23C80 /* Info.plist */ = {isa = PBXFileReference; lastKnownFileType = text.plist.xml; path = Info.plist; sourceTree = "<group>"; };
		87FAC2BB2514DBF700B23C80 /* ToDoAppTests.xctest */ = {isa = PBXFileReference; explicitFileType = wrapper.cfbundle; includeInIndex = 0; path = ToDoAppTests.xctest; sourceTree = BUILT_PRODUCTS_DIR; };
		87FAC2BF2514DBF700B23C80 /* ToDoAppTests.swift */ = {isa = PBXFileReference; lastKnownFileType = sourcecode.swift; path = ToDoAppTests.swift; sourceTree = "<group>"; };
		87FAC2C12514DBF700B23C80 /* Info.plist */ = {isa = PBXFileReference; lastKnownFileType = text.plist.xml; path = Info.plist; sourceTree = "<group>"; };
		87FAC2C62514DBF700B23C80 /* ToDoAppUITests.xctest */ = {isa = PBXFileReference; explicitFileType = wrapper.cfbundle; includeInIndex = 0; path = ToDoAppUITests.xctest; sourceTree = BUILT_PRODUCTS_DIR; };
		87FAC2CA2514DBF700B23C80 /* ToDoAppUITests.swift */ = {isa = PBXFileReference; lastKnownFileType = sourcecode.swift; path = ToDoAppUITests.swift; sourceTree = "<group>"; };
		87FAC2CC2514DBF700B23C80 /* Info.plist */ = {isa = PBXFileReference; lastKnownFileType = text.plist.xml; path = Info.plist; sourceTree = "<group>"; };
/* End PBXFileReference section */

/* Begin PBXFrameworksBuildPhase section */
		87FAC2A22514DBF700B23C80 /* Frameworks */ = {
			isa = PBXFrameworksBuildPhase;
			buildActionMask = 2147483647;
			files = (
			);
			runOnlyForDeploymentPostprocessing = 0;
		};
		87FAC2B82514DBF700B23C80 /* Frameworks */ = {
			isa = PBXFrameworksBuildPhase;
			buildActionMask = 2147483647;
			files = (
			);
			runOnlyForDeploymentPostprocessing = 0;
		};
		87FAC2C32514DBF700B23C80 /* Frameworks */ = {
			isa = PBXFrameworksBuildPhase;
			buildActionMask = 2147483647;
			files = (
			);
			runOnlyForDeploymentPostprocessing = 0;
		};
/* End PBXFrameworksBuildPhase section */

/* Begin PBXGroup section */
		87FAC29C2514DBF700B23C80 = {
			isa = PBXGroup;
			children = (
				87FAC2A72514DBF700B23C80 /* ToDoApp */,
				87FAC2BE2514DBF700B23C80 /* ToDoAppTests */,
				87FAC2C92514DBF700B23C80 /* ToDoAppUITests */,
				87FAC2A62514DBF700B23C80 /* Products */,
			);
			sourceTree = "<group>";
		};
		87FAC2A62514DBF700B23C80 /* Products */ = {
			isa = PBXGroup;
			children = (
				87FAC2A52514DBF700B23C80 /* ToDoApp.app */,
				87FAC2BB2514DBF700B23C80 /* ToDoAppTests.xctest */,
				87FAC2C62514DBF700B23C80 /* ToDoAppUITests.xctest */,
			);
			name = Products;
			sourceTree = "<group>";
		};
		87FAC2A72514DBF700B23C80 /* ToDoApp */ = {
			isa = PBXGroup;
			children = (
				87FAC2A82514DBF700B23C80 /* AppDelegate.swift */,
				87FAC2AA2514DBF700B23C80 /* SceneDelegate.swift */,
				87FAC2AC2514DBF700B23C80 /* ViewController.swift */,
				87FAC2AE2514DBF700B23C80 /* Main.storyboard */,
				87FAC2B12514DBF700B23C80 /* Assets.xcassets */,
				87FAC2B32514DBF700B23C80 /* LaunchScreen.storyboard */,
				87FAC2B62514DBF700B23C80 /* Info.plist */,
			);
			path = ToDoApp;
			sourceTree = "<group>";
		};
		87FAC2BE2514DBF700B23C80 /* ToDoAppTests */ = {
			isa = PBXGroup;
			children = (
				87FAC2BF2514DBF700B23C80 /* ToDoAppTests.swift */,
				87FAC2C12514DBF700B23C80 /* Info.plist */,
			);
			path = ToDoAppTests;
			sourceTree = "<group>";
		};
		87FAC2C92514DBF700B23C80 /* ToDoAppUITests */ = {
			isa = PBXGroup;
			children = (
				87FAC2CA2514DBF700B23C80 /* ToDoAppUITests.swift */,
				87FAC2CC2514DBF700B23C80 /* Info.plist */,
			);
			path = ToDoAppUITests;
			sourceTree = "<group>";
		};
/* End PBXGroup section */

/* Begin PBXNativeTarget section */
		87FAC2A42514DBF700B23C80 /* ToDoApp */ = {
			isa = PBXNativeTarget;
			buildConfigurationList = 87FAC2CF2514DBF800B23C80 /* Build configuration list for PBXNativeTarget "ToDoApp" */;
			buildPhases = (
				87FAC2A12514DBF700B23C80 /* Sources */,
				87FAC2A22514DBF700B23C80 /* Frameworks */,
				87FAC2A32514DBF700B23C80 /* Resources */,
			);
			buildRules = (
			);
			dependencies = (
			);
			name = ToDoApp;
			productName = ToDoApp;
			productReference = 87FAC2A52514DBF700B23C80 /* ToDoApp.app */;
			productType = "com.apple.product-type.application";
		};
		87FAC2BA2514DBF700B23C80 /* ToDoAppTests */ = {
			isa = PBXNativeTarget;
			buildConfigurationList = 87FAC2D22514DBF800B23C80 /* Build configuration list for PBXNativeTarget "ToDoAppTests" */;
			buildPhases = (
				87FAC2B72514DBF700B23C80 /* Sources */,
				87FAC2B82514DBF700B23C80 /* Frameworks */,
				87FAC2B92514DBF700B23C80 /* Resources */,
			);
			buildRules = (
			);
			dependencies = (
				87FAC2BD2514DBF700B23C80 /* PBXTargetDependency */,
			);
			name = ToDoAppTests;
			productName = ToDoAppTests;
			productReference = 87FAC2BB2514DBF700B23C80 /* ToDoAppTests.xctest */;
			productType = "com.apple.product-type.bundle.unit-test";
		};
		87FAC2C52514DBF700B23C80 /* ToDoAppUITests */ = {
			isa = PBXNativeTarget;
			buildConfigurationList = 87FAC2D52514DBF800B23C80 /* Build configuration list for PBXNativeTarget "ToDoAppUITests" */;
			buildPhases = (
				87FAC2C22514DBF700B23C80 /* Sources */,
				87FAC2C32514DBF700B23C80 /* Frameworks */,
				87FAC2C42514DBF700B23C80 /* Resources */,
			);
			buildRules = (
			);
			dependencies = (
				87FAC2C82514DBF700B23C80 /* PBXTargetDependency */,
			);
			name = ToDoAppUITests;
			productName = ToDoAppUITests;
			productReference = 87FAC2C62514DBF700B23C80 /* ToDoAppUITests.xctest */;
			productType = "com.apple.product-type.bundle.ui-testing";
		};
/* End PBXNativeTarget section */

/* Begin PBXProject section */
		87FAC29D2514DBF700B23C80 /* Project object */ = {
			isa = PBXProject;
			attributes = {
				LastSwiftUpdateCheck = 1200;
				LastUpgradeCheck = 1200;
				TargetAttributes = {
					87FAC2A42514DBF700B23C80 = {
						CreatedOnToolsVersion = 12.0;
					};
					87FAC2BA2514DBF700B23C80 = {
						CreatedOnToolsVersion = 12.0;
						TestTargetID = 87FAC2A42514DBF700B23C80;
					};
					87FAC2C52514DBF700B23C80 = {
						CreatedOnToolsVersion = 12.0;
						TestTargetID = 87FAC2A42514DBF700B23C80;
					};
				};
			};
			buildConfigurationList = 87FAC2A02514DBF700B23C80 /* Build configuration list for PBXProject "ToDoApp" */;
			compatibilityVersion = "Xcode 9.3";
			developmentRegion = en;
			hasScannedForEncodings = 0;
			knownRegions = (
				en,
				Base,
			);
			mainGroup = 87FAC29C2514DBF700B23C80;
			productRefGroup = 87FAC2A62514DBF700B23C80 /* Products */;
			projectDirPath = "";
			projectRoot = "";
			targets = (
				87FAC2A42514DBF700B23C80 /* ToDoApp */,
				87FAC2BA2514DBF700B23C80 /* ToDoAppTests */,
				87FAC2C52514DBF700B23C80 /* ToDoAppUITests */,
			);
		};
/* End PBXProject section */

/* Begin PBXResourcesBuildPhase section */
		87FAC2A32514DBF700B23C80 /* Resources */ = {
			isa = PBXResourcesBuildPhase;
			buildActionMask = 2147483647;
			files = (
				87FAC2B52514DBF700B23C80 /* LaunchScreen.storyboard in Resources */,
				87FAC2B22514DBF700B23C80 /* Assets.xcassets in Resources */,
				87FAC2B02514DBF700B23C80 /* Main.storyboard in Resources */,
			);
			runOnlyForDeploymentPostprocessing = 0;
		};
		87FAC2B92514DBF700B23C80 /* Resources */ = {
			isa = PBXResourcesBuildPhase;
			buildActionMask = 2147483647;
			files = (
			);
			runOnlyForDeploymentPostprocessing = 0;
		};
		87FAC2C42514DBF700B23C80 /* Resources */ = {
			isa = PBXResourcesBuildPhase;
			buildActionMask = 2147483647;
			files = (
			);
			runOnlyForDeploymentPostprocessing = 0;
		};
/* End PBXResourcesBuildPhase section */

/* Begin PBXSourcesBuildPhase section */
		87FAC2A12514DBF700B23C80 /* Sources */ = {
			isa = PBXSourcesBuildPhase;
			buildActionMask = 2147483647;
			files = (
				87FAC2AD2514DBF700B23C80 /* ViewController.swift in Sources */,
				87FAC2A92514DBF700B23C80 /* AppDelegate.swift in Sources */,
				87FAC2AB2514DBF700B23C80 /* SceneDelegate.swift in Sources */,
			);
			runOnlyForDeploymentPostprocessing = 0;
		};
		87FAC2B72514DBF700B23C80 /* Sources */ = {
			isa = PBXSourcesBuildPhase;
			buildActionMask = 2147483647;
			files = (
				87FAC2C02514DBF700B23C80 /* ToDoAppTests.swift in Sources */,
			);
			runOnlyForDeploymentPostprocessing = 0;
		};
		87FAC2C22514DBF700B23C80 /* Sources */ = {
			isa = PBXSourcesBuildPhase;
			buildActionMask = 2147483647;
			files = (
				87FAC2CB2514DBF700B23C80 /* ToDoAppUITests.swift in Sources */,
			);
			runOnlyForDeploymentPostprocessing = 0;
		};
/* End PBXSourcesBuildPhase section */

/* Begin PBXTargetDependency section */
		87FAC2BD2514DBF700B23C80 /* PBXTargetDependency */ = {
			isa = PBXTargetDependency;
			target = 87FAC2A42514DBF700B23C80 /* ToDoApp */;
			targetProxy = 87FAC2BC2514DBF700B23C80 /* PBXContainerItemProxy */;
		};
		87FAC2C82514DBF700B23C80 /* PBXTargetDependency */ = {
			isa = PBXTargetDependency;
			target = 87FAC2A42514DBF700B23C80 /* ToDoApp */;
			targetProxy = 87FAC2C72514DBF700B23C80 /* PBXContainerItemProxy */;
		};
/* End PBXTargetDependency section */

/* Begin PBXVariantGroup section */
		87FAC2AE2514DBF700B23C80 /* Main.storyboard */ = {
			isa = PBXVariantGroup;
			children = (
				87FAC2AF2514DBF700B23C80 /* Base */,
			);
			name = Main.storyboard;
			sourceTree = "<group>";
		};
		87FAC2B32514DBF700B23C80 /* LaunchScreen.storyboard */ = {
			isa = PBXVariantGroup;
			children = (
				87FAC2B42514DBF700B23C80 /* Base */,
			);
			name = LaunchScreen.storyboard;
			sourceTree = "<group>";
		};
/* End PBXVariantGroup section */

/* Begin XCBuildConfiguration section */
		87FAC2CD2514DBF800B23C80 /* Debug */ = {
			isa = XCBuildConfiguration;
			buildSettings = {
				ALWAYS_SEARCH_USER_PATHS = NO;
				CLANG_ANALYZER_NONNULL = YES;
				CLANG_ANALYZER_NUMBER_OBJECT_CONVERSION = YES_AGGRESSIVE;
				CLANG_CXX_LANGUAGE_STANDARD = "gnu++14";
				CLANG_CXX_LIBRARY = "libc++";
				CLANG_ENABLE_MODULES = YES;
				CLANG_ENABLE_OBJC_ARC = YES;
				CLANG_ENABLE_OBJC_WEAK = YES;
				CLANG_WARN_BLOCK_CAPTURE_AUTORELEASING = YES;
				CLANG_WARN_BOOL_CONVERSION = YES;
				CLANG_WARN_COMMA = YES;
				CLANG_WARN_CONSTANT_CONVERSION = YES;
				CLANG_WARN_DEPRECATED_OBJC_IMPLEMENTATIONS = YES;
				CLANG_WARN_DIRECT_OBJC_ISA_USAGE = YES_ERROR;
				CLANG_WARN_DOCUMENTATION_COMMENTS = YES;
				CLANG_WARN_EMPTY_BODY = YES;
				CLANG_WARN_ENUM_CONVERSION = YES;
				CLANG_WARN_INFINITE_RECURSION = YES;
				CLANG_WARN_INT_CONVERSION = YES;
				CLANG_WARN_NON_LITERAL_NULL_CONVERSION = YES;
				CLANG_WARN_OBJC_IMPLICIT_RETAIN_SELF = YES;
				CLANG_WARN_OBJC_LITERAL_CONVERSION = YES;
				CLANG_WARN_OBJC_ROOT_CLASS = YES_ERROR;
				CLANG_WARN_QUOTED_INCLUDE_IN_FRAMEWORK_HEADER = YES;
				CLANG_WARN_RANGE_LOOP_ANALYSIS = YES;
				CLANG_WARN_STRICT_PROTOTYPES = YES;
				CLANG_WARN_SUSPICIOUS_MOVE = YES;
				CLANG_WARN_UNGUARDED_AVAILABILITY = YES_AGGRESSIVE;
				CLANG_WARN_UNREACHABLE_CODE = YES;
				CLANG_WARN__DUPLICATE_METHOD_MATCH = YES;
				COPY_PHASE_STRIP = NO;
				DEBUG_INFORMATION_FORMAT = dwarf;
				ENABLE_STRICT_OBJC_MSGSEND = YES;
				ENABLE_TESTABILITY = YES;
				GCC_C_LANGUAGE_STANDARD = gnu11;
				GCC_DYNAMIC_NO_PIC = NO;
				GCC_NO_COMMON_BLOCKS = YES;
				GCC_OPTIMIZATION_LEVEL = 0;
				GCC_PREPROCESSOR_DEFINITIONS = (
					"DEBUG=1",
					"$(inherited)",
				);
				GCC_WARN_64_TO_32_BIT_CONVERSION = YES;
				GCC_WARN_ABOUT_RETURN_TYPE = YES_ERROR;
				GCC_WARN_UNDECLARED_SELECTOR = YES;
				GCC_WARN_UNINITIALIZED_AUTOS = YES_AGGRESSIVE;
				GCC_WARN_UNUSED_FUNCTION = YES;
				GCC_WARN_UNUSED_VARIABLE = YES;
				IPHONEOS_DEPLOYMENT_TARGET = 14.0;
				MTL_ENABLE_DEBUG_INFO = INCLUDE_SOURCE;
				MTL_FAST_MATH = YES;
				ONLY_ACTIVE_ARCH = YES;
				SDKROOT = iphoneos;
				SWIFT_ACTIVE_COMPILATION_CONDITIONS = DEBUG;
				SWIFT_OPTIMIZATION_LEVEL = "-Onone";
			};
			name = Debug;
		};
		87FAC2CE2514DBF800B23C80 /* Release */ = {
			isa = XCBuildConfiguration;
			buildSettings = {
				ALWAYS_SEARCH_USER_PATHS = NO;
				CLANG_ANALYZER_NONNULL = YES;
				CLANG_ANALYZER_NUMBER_OBJECT_CONVERSION = YES_AGGRESSIVE;
				CLANG_CXX_LANGUAGE_STANDARD = "gnu++14";
				CLANG_CXX_LIBRARY = "libc++";
				CLANG_ENABLE_MODULES = YES;
				CLANG_ENABLE_OBJC_ARC = YES;
				CLANG_ENABLE_OBJC_WEAK = YES;
				CLANG_WARN_BLOCK_CAPTURE_AUTORELEASING = YES;
				CLANG_WARN_BOOL_CONVERSION = YES;
				CLANG_WARN_COMMA = YES;
				CLANG_WARN_CONSTANT_CONVERSION = YES;
				CLANG_WARN_DEPRECATED_OBJC_IMPLEMENTATIONS = YES;
				CLANG_WARN_DIRECT_OBJC_ISA_USAGE = YES_ERROR;
				CLANG_WARN_DOCUMENTATION_COMMENTS = YES;
				CLANG_WARN_EMPTY_BODY = YES;
				CLANG_WARN_ENUM_CONVERSION = YES;
				CLANG_WARN_INFINITE_RECURSION = YES;
				CLANG_WARN_INT_CONVERSION = YES;
				CLANG_WARN_NON_LITERAL_NULL_CONVERSION = YES;
				CLANG_WARN_OBJC_IMPLICIT_RETAIN_SELF = YES;
				CLANG_WARN_OBJC_LITERAL_CONVERSION = YES;
				CLANG_WARN_OBJC_ROOT_CLASS = YES_ERROR;
				CLANG_WARN_QUOTED_INCLUDE_IN_FRAMEWORK_HEADER = YES;
				CLANG_WARN_RANGE_LOOP_ANALYSIS = YES;
				CLANG_WARN_STRICT_PROTOTYPES = YES;
				CLANG_WARN_SUSPICIOUS_MOVE = YES;
				CLANG_WARN_UNGUARDED_AVAILABILITY = YES_AGGRESSIVE;
				CLANG_WARN_UNREACHABLE_CODE = YES;
				CLANG_WARN__DUPLICATE_METHOD_MATCH = YES;
				COPY_PHASE_STRIP = NO;
				DEBUG_INFORMATION_FORMAT = "dwarf-with-dsym";
				ENABLE_NS_ASSERTIONS = NO;
				ENABLE_STRICT_OBJC_MSGSEND = YES;
				GCC_C_LANGUAGE_STANDARD = gnu11;
				GCC_NO_COMMON_BLOCKS = YES;
				GCC_WARN_64_TO_32_BIT_CONVERSION = YES;
				GCC_WARN_ABOUT_RETURN_TYPE = YES_ERROR;
				GCC_WARN_UNDECLARED_SELECTOR = YES;
				GCC_WARN_UNINITIALIZED_AUTOS = YES_AGGRESSIVE;
				GCC_WARN_UNUSED_FUNCTION = YES;
				GCC_WARN_UNUSED_VARIABLE = YES;
				IPHONEOS_DEPLOYMENT_TARGET = 14.0;
				MTL_ENABLE_DEBUG_INFO = NO;
				MTL_FAST_MATH = YES;
				SDKROOT = iphoneos;
				SWIFT_COMPILATION_MODE = wholemodule;
				SWIFT_OPTIMIZATION_LEVEL = "-O";
				VALIDATE_PRODUCT = YES;
			};
			name = Release;
		};
		87FAC2D02514DBF800B23C80 /* Debug */ = {
			isa = XCBuildConfiguration;
			buildSettings = {
				ASSETCATALOG_COMPILER_APPICON_NAME = AppIcon;
				ASSETCATALOG_COMPILER_GLOBAL_ACCENT_COLOR_NAME = AccentColor;
				CODE_SIGN_STYLE = Automatic;
				DEVELOPMENT_TEAM = SFN29VRUJY;
				INFOPLIST_FILE = ToDoApp/Info.plist;
				LD_RUNPATH_SEARCH_PATHS = (
					"$(inherited)",
					"@executable_path/Frameworks",
				);
				PRODUCT_BUNDLE_IDENTIFIER = ru.kalinin.ToDoApp;
				PRODUCT_NAME = "$(TARGET_NAME)";
				SWIFT_VERSION = 5.0;
				TARGETED_DEVICE_FAMILY = "1,2";
			};
			name = Debug;
		};
		87FAC2D12514DBF800B23C80 /* Release */ = {
			isa = XCBuildConfiguration;
			buildSettings = {
				ASSETCATALOG_COMPILER_APPICON_NAME = AppIcon;
				ASSETCATALOG_COMPILER_GLOBAL_ACCENT_COLOR_NAME = AccentColor;
				CODE_SIGN_STYLE = Automatic;
				DEVELOPMENT_TEAM = SFN29VRUJY;
				INFOPLIST_FILE = ToDoApp/Info.plist;
				LD_RUNPATH_SEARCH_PATHS = (
					"$(inherited)",
					"@executable_path/Frameworks",
				);
				PRODUCT_BUNDLE_IDENTIFIER = ru.kalinin.ToDoApp;
				PRODUCT_NAME = "$(TARGET_NAME)";
				SWIFT_VERSION = 5.0;
				TARGETED_DEVICE_FAMILY = "1,2";
			};
			name = Release;
		};
		87FAC2D32514DBF800B23C80 /* Debug */ = {
			isa = XCBuildConfiguration;
			buildSettings = {
				ALWAYS_EMBED_SWIFT_STANDARD_LIBRARIES = YES;
				BUNDLE_LOADER = "$(TEST_HOST)";
				CODE_SIGN_STYLE = Automatic;
				DEVELOPMENT_TEAM = SFN29VRUJY;
				INFOPLIST_FILE = ToDoAppTests/Info.plist;
				IPHONEOS_DEPLOYMENT_TARGET = 14.0;
				LD_RUNPATH_SEARCH_PATHS = (
					"$(inherited)",
					"@executable_path/Frameworks",
					"@loader_path/Frameworks",
				);
				PRODUCT_BUNDLE_IDENTIFIER = ru.kalinin.ToDoAppTests;
				PRODUCT_NAME = "$(TARGET_NAME)";
				SWIFT_VERSION = 5.0;
				TARGETED_DEVICE_FAMILY = "1,2";
				TEST_HOST = "$(BUILT_PRODUCTS_DIR)/ToDoApp.app/ToDoApp";
			};
			name = Debug;
		};
		87FAC2D42514DBF800B23C80 /* Release */ = {
			isa = XCBuildConfiguration;
			buildSettings = {
				ALWAYS_EMBED_SWIFT_STANDARD_LIBRARIES = YES;
				BUNDLE_LOADER = "$(TEST_HOST)";
				CODE_SIGN_STYLE = Automatic;
				DEVELOPMENT_TEAM = SFN29VRUJY;
				INFOPLIST_FILE = ToDoAppTests/Info.plist;
				IPHONEOS_DEPLOYMENT_TARGET = 14.0;
				LD_RUNPATH_SEARCH_PATHS = (
					"$(inherited)",
					"@executable_path/Frameworks",
					"@loader_path/Frameworks",
				);
				PRODUCT_BUNDLE_IDENTIFIER = ru.kalinin.ToDoAppTests;
				PRODUCT_NAME = "$(TARGET_NAME)";
				SWIFT_VERSION = 5.0;
				TARGETED_DEVICE_FAMILY = "1,2";
				TEST_HOST = "$(BUILT_PRODUCTS_DIR)/ToDoApp.app/ToDoApp";
			};
			name = Release;
		};
		87FAC2D62514DBF800B23C80 /* Debug */ = {
			isa = XCBuildConfiguration;
			buildSettings = {
				ALWAYS_EMBED_SWIFT_STANDARD_LIBRARIES = YES;
				CODE_SIGN_STYLE = Automatic;
				DEVELOPMENT_TEAM = SFN29VRUJY;
				INFOPLIST_FILE = ToDoAppUITests/Info.plist;
				LD_RUNPATH_SEARCH_PATHS = (
					"$(inherited)",
					"@executable_path/Frameworks",
					"@loader_path/Frameworks",
				);
				PRODUCT_BUNDLE_IDENTIFIER = ru.kalinin.ToDoAppUITests;
				PRODUCT_NAME = "$(TARGET_NAME)";
				SWIFT_VERSION = 5.0;
				TARGETED_DEVICE_FAMILY = "1,2";
				TEST_TARGET_NAME = ToDoApp;
			};
			name = Debug;
		};
		87FAC2D72514DBF800B23C80 /* Release */ = {
			isa = XCBuildConfiguration;
			buildSettings = {
				ALWAYS_EMBED_SWIFT_STANDARD_LIBRARIES = YES;
				CODE_SIGN_STYLE = Automatic;
				DEVELOPMENT_TEAM = SFN29VRUJY;
				INFOPLIST_FILE = ToDoAppUITests/Info.plist;
				LD_RUNPATH_SEARCH_PATHS = (
					"$(inherited)",
					"@executable_path/Frameworks",
					"@loader_path/Frameworks",
				);
				PRODUCT_BUNDLE_IDENTIFIER = ru.kalinin.ToDoAppUITests;
				PRODUCT_NAME = "$(TARGET_NAME)";
				SWIFT_VERSION = 5.0;
				TARGETED_DEVICE_FAMILY = "1,2";
				TEST_TARGET_NAME = ToDoApp;
			};
			name = Release;
		};
/* End XCBuildConfiguration section */

/* Begin XCConfigurationList section */
		87FAC2A02514DBF700B23C80 /* Build configuration list for PBXProject "ToDoApp" */ = {
			isa = XCConfigurationList;
			buildConfigurations = (
				87FAC2CD2514DBF800B23C80 /* Debug */,
				87FAC2CE2514DBF800B23C80 /* Release */,
			);
			defaultConfigurationIsVisible = 0;
			defaultConfigurationName = Release;
		};
		87FAC2CF2514DBF800B23C80 /* Build configuration list for PBXNativeTarget "ToDoApp" */ = {
			isa = XCConfigurationList;
			buildConfigurations = (
				87FAC2D02514DBF800B23C80 /* Debug */,
				87FAC2D12514DBF800B23C80 /* Release */,
			);
			defaultConfigurationIsVisible = 0;
			defaultConfigurationName = Release;
		};
		87FAC2D22514DBF800B23C80 /* Build configuration list for PBXNativeTarget "ToDoAppTests" */ = {
			isa = XCConfigurationList;
			buildConfigurations = (
				87FAC2D32514DBF800B23C80 /* Debug */,
				87FAC2D42514DBF800B23C80 /* Release */,
			);
			defaultConfigurationIsVisible = 0;
			defaultConfigurationName = Release;
		};
		87FAC2D52514DBF800B23C80 /* Build configuration list for PBXNativeTarget "ToDoAppUITests" */ = {
			isa = XCConfigurationList;
			buildConfigurations = (
				87FAC2D62514DBF800B23C80 /* Debug */,
				87FAC2D72514DBF800B23C80 /* Release */,
			);
			defaultConfigurationIsVisible = 0;
			defaultConfigurationName = Release;
		};
/* End XCConfigurationList section */
	};
	rootObject = 87FAC29D2514DBF700B23C80 /* Project object */;
}
